<?xml version="1.0" encoding="UTF-8"?>
<CodeBlocks_project_file>
	<FileVersion major="1" minor="6"/>
	<Project>
		<Option title="Telescope"/>
		<Option makefile_is_custom="1"/>
		<Option compiler="gcc"/>
		<Option virtualFolders="CMake Files\;CMake Files\..\;CMake Files\..\..\;CMake Files\..\..\..\;CMake Files\..\..\..\..\;CMake Files\..\..\..\..\..\;CMake Files\..\..\..\..\..\usr\;CMake Files\..\..\..\..\..\usr\local\;CMake Files\..\..\..\..\..\usr\local\geant4.10.03\;CMake Files\..\..\..\..\..\usr\local\geant4.10.03\lib64\;CMake Files\..\..\..\..\..\usr\local\geant4.10.03\lib64\Geant4-10.3.0\;CMake Files\..\..\..\..\..\usr\local\geant4.10.03\lib64\Geant4-10.3.0\Modules\;"/>
		<Build>
			<Target title="all">
				<Option working_dir="/home/local1/work/Telescope_tulupov/Telescope-build"/>
				<Option type="4"/>
				<MakeCommands>
					<Build command="/bin/gmake -j2 -f &quot;/home/local1/work/Telescope_tulupov/Telescope-build/Makefile&quot;  VERBOSE=1 all"/>
					<CompileFile command="/bin/gmake -j2 -f &quot;/home/local1/work/Telescope_tulupov/Telescope-build/Makefile&quot;  VERBOSE=1 &quot;$file&quot;"/>
					<Clean command="/bin/gmake -j2 -f &quot;/home/local1/work/Telescope_tulupov/Telescope-build/Makefile&quot;  VERBOSE=1 clean"/>
					<DistClean command="/bin/gmake -j2 -f &quot;/home/local1/work/Telescope_tulupov/Telescope-build/Makefile&quot;  VERBOSE=1 clean"/>
				</MakeCommands>
			</Target>
			<Target title="edit_cache">
				<Option working_dir="/home/local1/work/Telescope_tulupov/Telescope-build"/>
				<Option type="4"/>
				<MakeCommands>
					<Build command="/bin/gmake -j2 -f &quot;/home/local1/work/Telescope_tulupov/Telescope-build/Makefile&quot;  VERBOSE=1 edit_cache"/>
					<CompileFile command="/bin/gmake -j2 -f &quot;/home/local1/work/Telescope_tulupov/Telescope-build/Makefile&quot;  VERBOSE=1 &quot;$file&quot;"/>
					<Clean command="/bin/gmake -j2 -f &quot;/home/local1/work/Telescope_tulupov/Telescope-build/Makefile&quot;  VERBOSE=1 clean"/>
					<DistClean command="/bin/gmake -j2 -f &quot;/home/local1/work/Telescope_tulupov/Telescope-build/Makefile&quot;  VERBOSE=1 clean"/>
				</MakeCommands>
			</Target>
			<Target title="rebuild_cache">
				<Option working_dir="/home/local1/work/Telescope_tulupov/Telescope-build"/>
				<Option type="4"/>
				<MakeCommands>
					<Build command="/bin/gmake -j2 -f &quot;/home/local1/work/Telescope_tulupov/Telescope-build/Makefile&quot;  VERBOSE=1 rebuild_cache"/>
					<CompileFile command="/bin/gmake -j2 -f &quot;/home/local1/work/Telescope_tulupov/Telescope-build/Makefile&quot;  VERBOSE=1 &quot;$file&quot;"/>
					<Clean command="/bin/gmake -j2 -f &quot;/home/local1/work/Telescope_tulupov/Telescope-build/Makefile&quot;  VERBOSE=1 clean"/>
					<DistClean command="/bin/gmake -j2 -f &quot;/home/local1/work/Telescope_tulupov/Telescope-build/Makefile&quot;  VERBOSE=1 clean"/>
				</MakeCommands>
			</Target>
			<Target title="list_install_components">
				<Option working_dir="/home/local1/work/Telescope_tulupov/Telescope-build"/>
				<Option type="4"/>
				<MakeCommands>
					<Build command="/bin/gmake -j2 -f &quot;/home/local1/work/Telescope_tulupov/Telescope-build/Makefile&quot;  VERBOSE=1 list_install_components"/>
					<CompileFile command="/bin/gmake -j2 -f &quot;/home/local1/work/Telescope_tulupov/Telescope-build/Makefile&quot;  VERBOSE=1 &quot;$file&quot;"/>
					<Clean command="/bin/gmake -j2 -f &quot;/home/local1/work/Telescope_tulupov/Telescope-build/Makefile&quot;  VERBOSE=1 clean"/>
					<DistClean command="/bin/gmake -j2 -f &quot;/home/local1/work/Telescope_tulupov/Telescope-build/Makefile&quot;  VERBOSE=1 clean"/>
				</MakeCommands>
			</Target>
			<Target title="install">
				<Option working_dir="/home/local1/work/Telescope_tulupov/Telescope-build"/>
				<Option type="4"/>
				<MakeCommands>
					<Build command="/bin/gmake -j2 -f &quot;/home/local1/work/Telescope_tulupov/Telescope-build/Makefile&quot;  VERBOSE=1 install"/>
					<CompileFile command="/bin/gmake -j2 -f &quot;/home/local1/work/Telescope_tulupov/Telescope-build/Makefile&quot;  VERBOSE=1 &quot;$file&quot;"/>
					<Clean command="/bin/gmake -j2 -f &quot;/home/local1/work/Telescope_tulupov/Telescope-build/Makefile&quot;  VERBOSE=1 clean"/>
					<DistClean command="/bin/gmake -j2 -f &quot;/home/local1/work/Telescope_tulupov/Telescope-build/Makefile&quot;  VERBOSE=1 clean"/>
				</MakeCommands>
			</Target>
			<Target title="install/local">
				<Option working_dir="/home/local1/work/Telescope_tulupov/Telescope-build"/>
				<Option type="4"/>
				<MakeCommands>
					<Build command="/bin/gmake -j2 -f &quot;/home/local1/work/Telescope_tulupov/Telescope-build/Makefile&quot;  VERBOSE=1 install/local"/>
					<CompileFile command="/bin/gmake -j2 -f &quot;/home/local1/work/Telescope_tulupov/Telescope-build/Makefile&quot;  VERBOSE=1 &quot;$file&quot;"/>
					<Clean command="/bin/gmake -j2 -f &quot;/home/local1/work/Telescope_tulupov/Telescope-build/Makefile&quot;  VERBOSE=1 clean"/>
					<DistClean command="/bin/gmake -j2 -f &quot;/home/local1/work/Telescope_tulupov/Telescope-build/Makefile&quot;  VERBOSE=1 clean"/>
				</MakeCommands>
			</Target>
			<Target title="install/strip">
				<Option working_dir="/home/local1/work/Telescope_tulupov/Telescope-build"/>
				<Option type="4"/>
				<MakeCommands>
					<Build command="/bin/gmake -j2 -f &quot;/home/local1/work/Telescope_tulupov/Telescope-build/Makefile&quot;  VERBOSE=1 install/strip"/>
					<CompileFile command="/bin/gmake -j2 -f &quot;/home/local1/work/Telescope_tulupov/Telescope-build/Makefile&quot;  VERBOSE=1 &quot;$file&quot;"/>
					<Clean command="/bin/gmake -j2 -f &quot;/home/local1/work/Telescope_tulupov/Telescope-build/Makefile&quot;  VERBOSE=1 clean"/>
					<DistClean command="/bin/gmake -j2 -f &quot;/home/local1/work/Telescope_tulupov/Telescope-build/Makefile&quot;  VERBOSE=1 clean"/>
				</MakeCommands>
			</Target>
			<Target title="Telescope">
				<Option output="/home/local1/work/Telescope_tulupov/Telescope-build/Telescope" prefix_auto="0" extension_auto="0"/>
				<Option working_dir="/home/local1/work/Telescope_tulupov/Telescope-build"/>
				<Option object_output="./"/>
				<Option type="1"/>
				<Option compiler="gcc"/>
				<Compiler>
					<Add option="-DG4_STORE_TRAJECTORY"/>
					<Add option="-DG4VERBOSE"/>
					<Add option="-DG4UI_USE"/>
					<Add option="-DG4VIS_USE"/>
					<Add option="-DG4MULTITHREADED"/>
					<Add option="-DG4INTY_USE_QT"/>
					<Add option="-DG4UI_USE_QT"/>
					<Add option="-DG4VIS_USE_OPENGLQT"/>
					<Add option="-DG4INTY_USE_XT"/>
					<Add option="-DG4UI_USE_XM"/>
					<Add option="-DG4VIS_USE_OPENGLXM"/>
					<Add option="-DG4VIS_USE_OPENGLX"/>
					<Add option="-DG4VIS_USE_OPENGL"/>
					<Add directory="/usr/local/clhep/2.3.4.3/include"/>
					<Add directory="/usr/local/geant4.10.03/include/Geant4"/>
					<Add directory="/usr/local/XercesC/3.1.2/include"/>
					<Add directory="/usr/include/QtCore"/>
					<Add directory="/usr/include/QtGui"/>
					<Add directory="/usr/include/QtOpenGL"/>
					<Add directory="/home/local1/work/Telescope_tulupov/Telescope/include"/>
					<Add directory="/usr/lib/gcc/x86_64-redhat-linux/4.8.5/include"/>
					<Add directory="/usr/local/include"/>
					<Add directory="/usr/include"/>
					<Add directory="/usr/lib/gcc/x86_64-redhat-linux/4.8.5/../../../../include/c++/4.8.5"/>
					<Add directory="/usr/lib/gcc/x86_64-redhat-linux/4.8.5/../../../../include/c++/4.8.5/x86_64-redhat-linux"/>
					<Add directory="/usr/lib/gcc/x86_64-redhat-linux/4.8.5/../../../../include/c++/4.8.5/backward"/>
				</Compiler>
				<MakeCommands>
					<Build command="/bin/gmake -j2 -f &quot;/home/local1/work/Telescope_tulupov/Telescope-build/Makefile&quot;  VERBOSE=1 Telescope"/>
					<CompileFile command="/bin/gmake -j2 -f &quot;/home/local1/work/Telescope_tulupov/Telescope-build/Makefile&quot;  VERBOSE=1 &quot;$file&quot;"/>
					<Clean command="/bin/gmake -j2 -f &quot;/home/local1/work/Telescope_tulupov/Telescope-build/Makefile&quot;  VERBOSE=1 clean"/>
					<DistClean command="/bin/gmake -j2 -f &quot;/home/local1/work/Telescope_tulupov/Telescope-build/Makefile&quot;  VERBOSE=1 clean"/>
				</MakeCommands>
			</Target>
			<Target title="Telescope/fast">
				<Option output="/home/local1/work/Telescope_tulupov/Telescope-build/Telescope" prefix_auto="0" extension_auto="0"/>
				<Option working_dir="/home/local1/work/Telescope_tulupov/Telescope-build"/>
				<Option object_output="./"/>
				<Option type="1"/>
				<Option compiler="gcc"/>
				<Compiler>
					<Add option="-DG4_STORE_TRAJECTORY"/>
					<Add option="-DG4VERBOSE"/>
					<Add option="-DG4UI_USE"/>
					<Add option="-DG4VIS_USE"/>
					<Add option="-DG4MULTITHREADED"/>
					<Add option="-DG4INTY_USE_QT"/>
					<Add option="-DG4UI_USE_QT"/>
					<Add option="-DG4VIS_USE_OPENGLQT"/>
					<Add option="-DG4INTY_USE_XT"/>
					<Add option="-DG4UI_USE_XM"/>
					<Add option="-DG4VIS_USE_OPENGLXM"/>
					<Add option="-DG4VIS_USE_OPENGLX"/>
					<Add option="-DG4VIS_USE_OPENGL"/>
					<Add directory="/usr/local/clhep/2.3.4.3/include"/>
					<Add directory="/usr/local/geant4.10.03/include/Geant4"/>
					<Add directory="/usr/local/XercesC/3.1.2/include"/>
					<Add directory="/usr/include/QtCore"/>
					<Add directory="/usr/include/QtGui"/>
					<Add directory="/usr/include/QtOpenGL"/>
					<Add directory="/home/local1/work/Telescope_tulupov/Telescope/include"/>
					<Add directory="/usr/lib/gcc/x86_64-redhat-linux/4.8.5/include"/>
					<Add directory="/usr/local/include"/>
					<Add directory="/usr/include"/>
					<Add directory="/usr/lib/gcc/x86_64-redhat-linux/4.8.5/../../../../include/c++/4.8.5"/>
					<Add directory="/usr/lib/gcc/x86_64-redhat-linux/4.8.5/../../../../include/c++/4.8.5/x86_64-redhat-linux"/>
					<Add directory="/usr/lib/gcc/x86_64-redhat-linux/4.8.5/../../../../include/c++/4.8.5/backward"/>
				</Compiler>
				<MakeCommands>
					<Build command="/bin/gmake -j2 -f &quot;/home/local1/work/Telescope_tulupov/Telescope-build/Makefile&quot;  VERBOSE=1 Telescope/fast"/>
					<CompileFile command="/bin/gmake -j2 -f &quot;/home/local1/work/Telescope_tulupov/Telescope-build/Makefile&quot;  VERBOSE=1 &quot;$file&quot;"/>
					<Clean command="/bin/gmake -j2 -f &quot;/home/local1/work/Telescope_tulupov/Telescope-build/Makefile&quot;  VERBOSE=1 clean"/>
					<DistClean command="/bin/gmake -j2 -f &quot;/home/local1/work/Telescope_tulupov/Telescope-build/Makefile&quot;  VERBOSE=1 clean"/>
				</MakeCommands>
			</Target>
		</Build>
		<Unit filename="/home/local1/work/Telescope_tulupov/Telescope/Telescope.cc">
			<Option target="Telescope"/>
		</Unit>
		<Unit filename="/home/local1/work/Telescope_tulupov/Telescope/include/ActionInitialization.hh">
			<Option target="Telescope"/>
		</Unit>
		<Unit filename="/home/local1/work/Telescope_tulupov/Telescope/include/Analysis.hh">
			<Option target="Telescope"/>
		</Unit>
		<Unit filename="/home/local1/work/Telescope_tulupov/Telescope/include/DetectorConstruction.hh">
			<Option target="Telescope"/>
		</Unit>
		<Unit filename="/home/local1/work/Telescope_tulupov/Telescope/include/EventAction.hh">
			<Option target="Telescope"/>
		</Unit>
		<Unit filename="/home/local1/work/Telescope_tulupov/Telescope/include/EventActionMessenger.hh">
			<Option target="Telescope"/>
		</Unit>
		<Unit filename="/home/local1/work/Telescope_tulupov/Telescope/include/G04SensitiveDetector.hh">
			<Option target="Telescope"/>
		</Unit>
		<Unit filename="/home/local1/work/Telescope_tulupov/Telescope/include/G4ElectronCapture.hh">
			<Option target="Telescope"/>
		</Unit>
		<Unit filename="/home/local1/work/Telescope_tulupov/Telescope/include/MuelPhyslist.hh">
			<Option target="Telescope"/>
		</Unit>
		<Unit filename="/home/local1/work/Telescope_tulupov/Telescope/include/OpticalPhysics.hh">
			<Option target="Telescope"/>
		</Unit>
		<Unit filename="/home/local1/work/Telescope_tulupov/Telescope/include/PhysicsList.hh">
			<Option target="Telescope"/>
		</Unit>
		<Unit filename="/home/local1/work/Telescope_tulupov/Telescope/include/PrimaryGeneratorAction.hh">
			<Option target="Telescope"/>
		</Unit>
		<Unit filename="/home/local1/work/Telescope_tulupov/Telescope/include/RunAction.hh">
			<Option target="Telescope"/>
		</Unit>
		<Unit filename="/home/local1/work/Telescope_tulupov/Telescope/include/SteppingAction.hh">
			<Option target="Telescope"/>
		</Unit>
		<Unit filename="/home/local1/work/Telescope_tulupov/Telescope/include/TrackingAction.hh">
			<Option target="Telescope"/>
		</Unit>
		<Unit filename="/home/local1/work/Telescope_tulupov/Telescope/src/ActionInitialization.cc">
			<Option target="Telescope"/>
		</Unit>
		<Unit filename="/home/local1/work/Telescope_tulupov/Telescope/src/DetectorConstruction.cc">
			<Option target="Telescope"/>
		</Unit>
		<Unit filename="/home/local1/work/Telescope_tulupov/Telescope/src/EventAction.cc">
			<Option target="Telescope"/>
		</Unit>
		<Unit filename="/home/local1/work/Telescope_tulupov/Telescope/src/EventActionMessenger.cc">
			<Option target="Telescope"/>
		</Unit>
		<Unit filename="/home/local1/work/Telescope_tulupov/Telescope/src/G04SensitiveDetector.cc">
			<Option target="Telescope"/>
		</Unit>
		<Unit filename="/home/local1/work/Telescope_tulupov/Telescope/src/G4ElectronCapture.cc">
			<Option target="Telescope"/>
		</Unit>
		<Unit filename="/home/local1/work/Telescope_tulupov/Telescope/src/MuelPhyslist.cc">
			<Option target="Telescope"/>
		</Unit>
		<Unit filename="/home/local1/work/Telescope_tulupov/Telescope/src/OpticalPhysics.cc">
			<Option target="Telescope"/>
		</Unit>
		<Unit filename="/home/local1/work/Telescope_tulupov/Telescope/src/PhysicsList.cc">
			<Option target="Telescope"/>
		</Unit>
		<Unit filename="/home/local1/work/Telescope_tulupov/Telescope/src/PrimaryGeneratorAction.cc">
			<Option target="Telescope"/>
		</Unit>
		<Unit filename="/home/local1/work/Telescope_tulupov/Telescope/src/RunAction.cc">
			<Option target="Telescope"/>
		</Unit>
		<Unit filename="/home/local1/work/Telescope_tulupov/Telescope/src/SteppingAction.cc">
			<Option target="Telescope"/>
		</Unit>
		<Unit filename="/home/local1/work/Telescope_tulupov/Telescope/src/TrackingAction.cc">
			<Option target="Telescope"/>
		</Unit>
		<Unit filename="/home/local1/work/Telescope_tulupov/Telescope/CMakeLists.txt">
			<Option virtualFolder="CMake Files\"/>
		</Unit>
		<Unit filename="/home/local1/work/Telescope_tulupov/Telescope/Telescope.gdml">
			<Option virtualFolder="CMake Files\"/>
		</Unit>
		<Unit filename="/home/local1/work/Telescope_tulupov/Telescope/Telescope.mac">
			<Option virtualFolder="CMake Files\"/>
		</Unit>
		<Unit filename="/home/local1/work/Telescope_tulupov/Telescope/icons.mac">
			<Option virtualFolder="CMake Files\"/>
		</Unit>
		<Unit filename="/home/local1/work/Telescope_tulupov/Telescope/vis.mac">
			<Option virtualFolder="CMake Files\"/>
		</Unit>
		<Unit filename="/home/local1/work/Telescope_tulupov/Telescope/run.png">
			<Option virtualFolder="CMake Files\"/>
		</Unit>
		<Unit filename="/home/local1/work/Telescope_tulupov/Telescope/plot.C">
			<Option virtualFolder="CMake Files\"/>
		</Unit>
		<Unit filename="/home/local1/work/Telescope_tulupov/Telescope/../../../../../usr/local/geant4.10.03/lib64/Geant4-10.3.0/Geant4ConfigVersion.cmake">
			<Option virtualFolder="CMake Files\..\..\..\..\..\usr\local\geant4.10.03\lib64\Geant4-10.3.0\"/>
		</Unit>
		<Unit filename="/home/local1/work/Telescope_tulupov/Telescope/../../../../../usr/local/geant4.10.03/lib64/Geant4-10.3.0/Geant4Config.cmake">
			<Option virtualFolder="CMake Files\..\..\..\..\..\usr\local\geant4.10.03\lib64\Geant4-10.3.0\"/>
		</Unit>
		<Unit filename="/home/local1/work/Telescope_tulupov/Telescope/../../../../../usr/local/geant4.10.03/lib64/Geant4-10.3.0/Geant4LibraryDepends.cmake">
			<Option virtualFolder="CMake Files\..\..\..\..\..\usr\local\geant4.10.03\lib64\Geant4-10.3.0\"/>
		</Unit>
		<Unit filename="/home/local1/work/Telescope_tulupov/Telescope/../../../../../usr/local/geant4.10.03/lib64/Geant4-10.3.0/Geant4LibraryDepends-release.cmake">
			<Option virtualFolder="CMake Files\..\..\..\..\..\usr\local\geant4.10.03\lib64\Geant4-10.3.0\"/>
		</Unit>
		<Unit filename="/home/local1/work/Telescope_tulupov/Telescope/../../../../../usr/local/geant4.10.03/lib64/Geant4-10.3.0/UseGeant4.cmake">
			<Option virtualFolder="CMake Files\..\..\..\..\..\usr\local\geant4.10.03\lib64\Geant4-10.3.0\"/>
		</Unit>
		<Unit filename="/home/local1/work/Telescope_tulupov/Telescope/../../../../../usr/local/geant4.10.03/lib64/Geant4-10.3.0/Modules/FindCLHEP.cmake">
			<Option virtualFolder="CMake Files\..\..\..\..\..\usr\local\geant4.10.03\lib64\Geant4-10.3.0\Modules\"/>
		</Unit>
		<Unit filename="/home/local1/work/Telescope_tulupov/Telescope/../../../../../usr/local/geant4.10.03/lib64/Geant4-10.3.0/Modules/IntelCompileFeatures.cmake">
			<Option virtualFolder="CMake Files\..\..\..\..\..\usr\local\geant4.10.03\lib64\Geant4-10.3.0\Modules\"/>
		</Unit>
	</Project>
</CodeBlocks_project_file>
